# THIS IS AN AUTOGENERATED FILE. DO NOT EDIT THIS FILE DIRECTLY.
# yarn lockfile v1


project-base-path@^1.0.2:
  version "1.0.2"
  resolved "https://registry.yarnpkg.com/project-base-path/-/project-base-path-1.0.2.tgz#2507cb2cd1f6fddd8a642d35dd9eaf94ff60ac3d"
  integrity sha512-b446OGoKfRcFfsqTlI9o8x5dG8N30lpdFZkTb4VxRtboVuYSC0wFu7PZPQ2vzBNPaLXqiJQ0EkecV4jcYFqp7Q==
